
Microsoft Visual Studio Solution File, Format Version 12.00
# Visual Studio Version 16
VisualStudioVersion = 16.0.31729.503
MinimumVisualStudioVersion = 10.0.40219.1
Project("{9A19103F-16F7-4668-BE54-9A1E7A4F7556}") = "ComeBien", "ComeBien\ComeBien.csproj", "{A629BF52-65DC-4507-A14E-400D99A45954}"
EndProject
Project("{FAE04EC0-301F-11D3-BF4B-00C04F79EFBC}") = "UnitTest.ComeBien", "UnitTest.ComeBien\UnitTest.ComeBien.csproj", "{9FE0B509-C3FE-4F65-9304-3A2741FDF8C5}"
EndProject
Global
	GlobalSection(SolutionConfigurationPlatforms) = preSolution
		Debug|Any CPU = Debug|Any CPU
		Release|Any CPU = Release|Any CPU
	EndGlobalSection
	GlobalSection(ProjectConfigurationPlatforms) = postSolution
		{A629BF52-65DC-4507-A14E-400D99A45954}.Debug|Any CPU.ActiveCfg = Debug|Any CPU
		{A629BF52-65DC-4507-A14E-400D99A45954}.Debug|Any CPU.Build.0 = Debug|Any CPU
		{A629BF52-65DC-4507-A14E-400D99A45954}.Release|Any CPU.ActiveCfg = Release|Any CPU
		{A629BF52-65DC-4507-A14E-400D99A45954}.Release|Any CPU.Build.0 = Release|Any CPU
		{9FE0B509-C3FE-4F65-9304-3A2741FDF8C5}.Debug|Any CPU.ActiveCfg = Debug|Any CPU
		{9FE0B509-C3FE-4F65-9304-3A2741FDF8C5}.Debug|Any CPU.Build.0 = Debug|Any CPU
		{9FE0B509-C3FE-4F65-9304-3A2741FDF8C5}.Release|Any CPU.ActiveCfg = Release|Any CPU
		{9FE0B509-C3FE-4F65-9304-3A2741FDF8C5}.Release|Any CPU.Build.0 = Release|Any CPU
	EndGlobalSection
	GlobalSection(SolutionProperties) = preSolution
		HideSolutionNode = FALSE
	EndGlobalSection
	GlobalSection(ExtensibilityGlobals) = postSolution
		SolutionGuid = {3452B876-E7A2-4DFC-AD19-4597D43F7922}
	EndGlobalSection
EndGlobal
